
Microsoft Visual Studio Solution File, Format Version 12.00
# Visual Studio Version 16
VisualStudioVersion = 16.0.31005.135
MinimumVisualStudioVersion = 10.0.40219.1
Project("{9A19103F-16F7-4668-BE54-9A1E7A4F7556}") = "Blazor", "Blazor\Blazor.csproj", "{887E8B4C-24FC-486C-973C-501660E74D23}"
EndProject
Project("{9A19103F-16F7-4668-BE54-9A1E7A4F7556}") = "Model", "Class\Model.csproj", "{8BC6CAA7-E67D-4559-9DA7-49D3239B0C6B}"
EndProject
Global
	GlobalSection(SolutionConfigurationPlatforms) = preSolution
		Debug|Any CPU = Debug|Any CPU
		Release|Any CPU = Release|Any CPU
	EndGlobalSection
	GlobalSection(ProjectConfigurationPlatforms) = postSolution
		{887E8B4C-24FC-486C-973C-501660E74D23}.Debug|Any CPU.ActiveCfg = Debug|Any CPU
		{887E8B4C-24FC-486C-973C-501660E74D23}.Debug|Any CPU.Build.0 = Debug|Any CPU
		{887E8B4C-24FC-486C-973C-501660E74D23}.Release|Any CPU.ActiveCfg = Release|Any CPU
		{887E8B4C-24FC-486C-973C-501660E74D23}.Release|Any CPU.Build.0 = Release|Any CPU
		{8BC6CAA7-E67D-4559-9DA7-49D3239B0C6B}.Debug|Any CPU.ActiveCfg = Debug|Any CPU
		{8BC6CAA7-E67D-4559-9DA7-49D3239B0C6B}.Debug|Any CPU.Build.0 = Debug|Any CPU
		{8BC6CAA7-E67D-4559-9DA7-49D3239B0C6B}.Release|Any CPU.ActiveCfg = Release|Any CPU
		{8BC6CAA7-E67D-4559-9DA7-49D3239B0C6B}.Release|Any CPU.Build.0 = Release|Any CPU
	EndGlobalSection
	GlobalSection(SolutionProperties) = preSolution
		HideSolutionNode = FALSE
	EndGlobalSection
	GlobalSection(ExtensibilityGlobals) = postSolution
		SolutionGuid = {5A9FA828-BD78-4A31-93F5-12D1F690429D}
	EndGlobalSection
EndGlobal
